{
  "name": "kanavoogle-7",
  "lockfileVersion": 3,
  "requires": true,
  "packages": {
    "": {
      "dependencies": {
        "@stripe/stripe-js": "^4.8.0"
      }
    },
    "node_modules/@stripe/stripe-js": {
      "version": "4.8.0",
      "resolved": "https://registry.npmjs.org/@stripe/stripe-js/-/stripe-js-4.8.0.tgz",
      "integrity": "sha512-+4Cb0bVHlV4BJXxkJ3cCLSLuWxm3pXKtgcRacox146EuugjCzRRII5T5gUMgL4HpzrBLVwVxjKaZqntNWAXawQ==",
      "license": "MIT",
      "engines": {
        "node": ">=12.16"
      }
    }
  }
}
